
Microsoft Visual Studio Solution File, Format Version 12.00
# Visual Studio Version 16
VisualStudioVersion = 25.0.1706.9
MinimumVisualStudioVersion = 10.0.40219.1
Project("{FAE04EC0-301F-11D3-BF4B-00C04F79EFBC}") = "Lucky", "Lucky\Lucky.csproj", "{A8CE2DF4-27FD-4F9F-B84E-F52E9338356A}"
EndProject
Global
	GlobalSection(SolutionConfigurationPlatforms) = preSolution
		Debug|Any CPU = Debug|Any CPU
		Release|Any CPU = Release|Any CPU
	EndGlobalSection
	GlobalSection(ProjectConfigurationPlatforms) = postSolution
		{A8CE2DF4-27FD-4F9F-B84E-F52E9338356A}.Debug|Any CPU.ActiveCfg = Debug|Any CPU
		{A8CE2DF4-27FD-4F9F-B84E-F52E9338356A}.Debug|Any CPU.Build.0 = Debug|Any CPU
		{A8CE2DF4-27FD-4F9F-B84E-F52E9338356A}.Release|Any CPU.ActiveCfg = Release|Any CPU
		{A8CE2DF4-27FD-4F9F-B84E-F52E9338356A}.Release|Any CPU.Build.0 = Release|Any CPU
	EndGlobalSection
	GlobalSection(SolutionProperties) = preSolution
		HideSolutionNode = FALSE
	EndGlobalSection
	GlobalSection(ExtensibilityGlobals) = postSolution
		SolutionGuid = {6376FFAF-F076-492C-A1DD-1E16E601D4B1}
	EndGlobalSection
EndGlobal
